
Microsoft Visual Studio Solution File, Format Version 12.00
# Visual Studio 2012
Project("{FAE04EC0-301F-11D3-BF4B-00C04F79EFBC}") = "Avdm.Core", "Avdm.Core\Avdm.Core.csproj", "{7FBA4BD8-5438-418D-8667-B5220788FF1A}"
EndProject
Project("{2150E333-8FDC-42A3-9474-1A3956D46DE8}") = ".nuget", ".nuget", "{4A2564B5-CD18-451C-88B9-6EAADA47233A}"
	ProjectSection(SolutionItems) = preProject
		.nuget\NuGet.Config = .nuget\NuGet.Config
		.nuget\NuGet.exe = .nuget\NuGet.exe
		.nuget\NuGet.targets = .nuget\NuGet.targets
	EndProjectSection
EndProject
Project("{FAE04EC0-301F-11D3-BF4B-00C04F79EFBC}") = "Avdm.AppRunnerStub", "Avdm.AppRunnerStub\Avdm.AppRunnerStub.csproj", "{F7FD991F-D6C0-4D29-A851-78FC2FE7C048}"
EndProject
Project("{2150E333-8FDC-42A3-9474-1A3956D46DE8}") = "Solution Items", "Solution Items", "{94280639-857B-47F8-B5AF-7B17288E3E39}"
	ProjectSection(SolutionItems) = preProject
		..\licence.txt = ..\licence.txt
	EndProjectSection
EndProject
Global
	GlobalSection(SolutionConfigurationPlatforms) = preSolution
		Debug|Any CPU = Debug|Any CPU
		Release|Any CPU = Release|Any CPU
	EndGlobalSection
	GlobalSection(ProjectConfigurationPlatforms) = postSolution
		{7FBA4BD8-5438-418D-8667-B5220788FF1A}.Debug|Any CPU.ActiveCfg = Debug|Any CPU
		{7FBA4BD8-5438-418D-8667-B5220788FF1A}.Debug|Any CPU.Build.0 = Debug|Any CPU
		{7FBA4BD8-5438-418D-8667-B5220788FF1A}.Release|Any CPU.ActiveCfg = Release|Any CPU
		{7FBA4BD8-5438-418D-8667-B5220788FF1A}.Release|Any CPU.Build.0 = Release|Any CPU
		{F7FD991F-D6C0-4D29-A851-78FC2FE7C048}.Debug|Any CPU.ActiveCfg = Debug|Any CPU
		{F7FD991F-D6C0-4D29-A851-78FC2FE7C048}.Debug|Any CPU.Build.0 = Debug|Any CPU
		{F7FD991F-D6C0-4D29-A851-78FC2FE7C048}.Release|Any CPU.ActiveCfg = Release|Any CPU
		{F7FD991F-D6C0-4D29-A851-78FC2FE7C048}.Release|Any CPU.Build.0 = Release|Any CPU
	EndGlobalSection
	GlobalSection(SolutionProperties) = preSolution
		HideSolutionNode = FALSE
	EndGlobalSection
EndGlobal
